
Microsoft Visual Studio Solution File, Format Version 12.00
# Visual Studio Version 16
VisualStudioVersion = 16.0.28803.452
MinimumVisualStudioVersion = 10.0.40219.1
Project("{FAE04EC0-301F-11D3-BF4B-00C04F79EFBC}") = "PhishTest", "PhishTest.csproj", "{368CA8FE-23E4-4FF9-9194-BE3FC08A5500}"
EndProject
Global
	GlobalSection(SolutionConfigurationPlatforms) = preSolution
		Debug|Any CPU = Debug|Any CPU
		Release|Any CPU = Release|Any CPU
	EndGlobalSection
	GlobalSection(ProjectConfigurationPlatforms) = postSolution
		{368CA8FE-23E4-4FF9-9194-BE3FC08A5500}.Debug|Any CPU.ActiveCfg = Debug|Any CPU
		{368CA8FE-23E4-4FF9-9194-BE3FC08A5500}.Debug|Any CPU.Build.0 = Debug|Any CPU
		{368CA8FE-23E4-4FF9-9194-BE3FC08A5500}.Release|Any CPU.ActiveCfg = Release|Any CPU
		{368CA8FE-23E4-4FF9-9194-BE3FC08A5500}.Release|Any CPU.Build.0 = Release|Any CPU
	EndGlobalSection
	GlobalSection(SolutionProperties) = preSolution
		HideSolutionNode = FALSE
	EndGlobalSection
	GlobalSection(ExtensibilityGlobals) = postSolution
		SolutionGuid = {0F9CFE15-D70C-49BF-886D-1C1569654670}
	EndGlobalSection
EndGlobal
